
Microsoft Visual Studio Solution File, Format Version 12.00
# Visual Studio Version 17
VisualStudioVersion = 17.11.35312.102
MinimumVisualStudioVersion = 10.0.40219.1
Project("{FAE04EC0-301F-11D3-BF4B-00C04F79EFBC}") = "Api.App", "Api.App\Api.App.csproj", "{AA6CE4AD-C843-4DD8-877D-2AC2906B2EDA}"
EndProject
Project("{FAE04EC0-301F-11D3-BF4B-00C04F79EFBC}") = "App.Core", "App.Core\App.Core.csproj", "{B7D8B11F-FAD3-42F9-A68C-2A8C75D51300}"
EndProject
Project("{FAE04EC0-301F-11D3-BF4B-00C04F79EFBC}") = "App.Infra", "App.Infra\App.Infra.csproj", "{BBE62D40-7A62-4F08-BEA7-1FF14DE1B897}"
EndProject
Global
	GlobalSection(SolutionConfigurationPlatforms) = preSolution
		Debug|Any CPU = Debug|Any CPU
		Release|Any CPU = Release|Any CPU
	EndGlobalSection
	GlobalSection(ProjectConfigurationPlatforms) = postSolution
		{AA6CE4AD-C843-4DD8-877D-2AC2906B2EDA}.Debug|Any CPU.ActiveCfg = Debug|Any CPU
		{AA6CE4AD-C843-4DD8-877D-2AC2906B2EDA}.Debug|Any CPU.Build.0 = Debug|Any CPU
		{AA6CE4AD-C843-4DD8-877D-2AC2906B2EDA}.Release|Any CPU.ActiveCfg = Release|Any CPU
		{AA6CE4AD-C843-4DD8-877D-2AC2906B2EDA}.Release|Any CPU.Build.0 = Release|Any CPU
		{B7D8B11F-FAD3-42F9-A68C-2A8C75D51300}.Debug|Any CPU.ActiveCfg = Debug|Any CPU
		{B7D8B11F-FAD3-42F9-A68C-2A8C75D51300}.Debug|Any CPU.Build.0 = Debug|Any CPU
		{B7D8B11F-FAD3-42F9-A68C-2A8C75D51300}.Release|Any CPU.ActiveCfg = Release|Any CPU
		{B7D8B11F-FAD3-42F9-A68C-2A8C75D51300}.Release|Any CPU.Build.0 = Release|Any CPU
		{BBE62D40-7A62-4F08-BEA7-1FF14DE1B897}.Debug|Any CPU.ActiveCfg = Debug|Any CPU
		{BBE62D40-7A62-4F08-BEA7-1FF14DE1B897}.Debug|Any CPU.Build.0 = Debug|Any CPU
		{BBE62D40-7A62-4F08-BEA7-1FF14DE1B897}.Release|Any CPU.ActiveCfg = Release|Any CPU
		{BBE62D40-7A62-4F08-BEA7-1FF14DE1B897}.Release|Any CPU.Build.0 = Release|Any CPU
	EndGlobalSection
	GlobalSection(SolutionProperties) = preSolution
		HideSolutionNode = FALSE
	EndGlobalSection
	GlobalSection(ExtensibilityGlobals) = postSolution
		SolutionGuid = {5BCB9286-6022-4C7C-AE01-BFF1800BCF69}
	EndGlobalSection
EndGlobal
